
Microsoft Visual Studio Solution File, Format Version 12.00
# Visual Studio 15
VisualStudioVersion = 15.0.27428.2037
MinimumVisualStudioVersion = 10.0.40219.1
Project("{FAE04EC0-301F-11D3-BF4B-00C04F79EFBC}") = "AnimalSanctuary", "AnimalSanctuary\AnimalSanctuary.csproj", "{CC3BA659-8899-46C7-A478-D09034A376F0}"
EndProject
Project("{FAE04EC0-301F-11D3-BF4B-00C04F79EFBC}") = "AnimalSanctuary.Tests", "AnimalSanctuary.Tests\AnimalSanctuary.Tests.csproj", "{23CCF01C-190E-47F5-9D4A-A0A3F1E4FC01}"
EndProject
Global
	GlobalSection(SolutionConfigurationPlatforms) = preSolution
		Debug|Any CPU = Debug|Any CPU
		Release|Any CPU = Release|Any CPU
	EndGlobalSection
	GlobalSection(ProjectConfigurationPlatforms) = postSolution
		{CC3BA659-8899-46C7-A478-D09034A376F0}.Debug|Any CPU.ActiveCfg = Debug|Any CPU
		{CC3BA659-8899-46C7-A478-D09034A376F0}.Debug|Any CPU.Build.0 = Debug|Any CPU
		{CC3BA659-8899-46C7-A478-D09034A376F0}.Release|Any CPU.ActiveCfg = Release|Any CPU
		{CC3BA659-8899-46C7-A478-D09034A376F0}.Release|Any CPU.Build.0 = Release|Any CPU
		{23CCF01C-190E-47F5-9D4A-A0A3F1E4FC01}.Debug|Any CPU.ActiveCfg = Debug|Any CPU
		{23CCF01C-190E-47F5-9D4A-A0A3F1E4FC01}.Debug|Any CPU.Build.0 = Debug|Any CPU
		{23CCF01C-190E-47F5-9D4A-A0A3F1E4FC01}.Release|Any CPU.ActiveCfg = Release|Any CPU
		{23CCF01C-190E-47F5-9D4A-A0A3F1E4FC01}.Release|Any CPU.Build.0 = Release|Any CPU
	EndGlobalSection
	GlobalSection(SolutionProperties) = preSolution
		HideSolutionNode = FALSE
	EndGlobalSection
	GlobalSection(ExtensibilityGlobals) = postSolution
		SolutionGuid = {4E55E9FE-01B8-46CB-A166-D91D7DEE1455}
	EndGlobalSection
EndGlobal
